# This file is automatically @generated by Cargo.
# It is not intended for manual editing.
version = 3

[[package]]
name = "cl3"
version = "0.9.1"
source = "registry+https://github.com/rust-lang/crates.io-index"
checksum = "0e014961508a981c7ef28a65d0c965af7061593b4db50cff83952c62931b39ec"
dependencies = [
 "libc",
 "opencl-sys",
]

[[package]]
name = "gpu"
version = "0.1.0"
dependencies = [
 "opencl3",
]

[[package]]
name = "libc"
version = "0.2.138"
source = "registry+https://github.com/rust-lang/crates.io-index"
checksum = "db6d7e329c562c5dfab7a46a2afabc8b987ab9a4834c9d1ca04dc54c1546cef8"

[[package]]
name = "opencl-sys"
version = "0.2.4"
source = "registry+https://github.com/rust-lang/crates.io-index"
checksum = "e75919008b8ed7ce9620e2b3580c648db40c7f564a368f271b2647145046d8ba"
dependencies = [
 "libc",
]

[[package]]
name = "opencl3"
version = "0.9.1"
source = "registry+https://github.com/rust-lang/crates.io-index"
checksum = "dcf817a6312f2e87941d18b716f79892f217ab523102108a89c698822ab4ec4c"
dependencies = [
 "cl3",
 "libc",
]
